
Microsoft Visual Studio Solution File, Format Version 12.00
# Visual Studio Version 17
VisualStudioVersion = 17.14.36414.22 d17.14
MinimumVisualStudioVersion = 10.0.40219.1
Project("{FAE04EC0-301F-11D3-BF4B-00C04F79EFBC}") = "DeviceManagementAPI", "DeviceManagementAPI\DeviceManagementAPI.csproj", "{13B23D43-A869-40BD-97D0-1F06939E5573}"
EndProject
Global
	GlobalSection(SolutionConfigurationPlatforms) = preSolution
		Debug|Any CPU = Debug|Any CPU
		Release|Any CPU = Release|Any CPU
	EndGlobalSection
	GlobalSection(ProjectConfigurationPlatforms) = postSolution
		{13B23D43-A869-40BD-97D0-1F06939E5573}.Debug|Any CPU.ActiveCfg = Debug|Any CPU
		{13B23D43-A869-40BD-97D0-1F06939E5573}.Debug|Any CPU.Build.0 = Debug|Any CPU
		{13B23D43-A869-40BD-97D0-1F06939E5573}.Release|Any CPU.ActiveCfg = Release|Any CPU
		{13B23D43-A869-40BD-97D0-1F06939E5573}.Release|Any CPU.Build.0 = Release|Any CPU
	EndGlobalSection
	GlobalSection(SolutionProperties) = preSolution
		HideSolutionNode = FALSE
	EndGlobalSection
	GlobalSection(ExtensibilityGlobals) = postSolution
		SolutionGuid = {CE094142-A569-4818-97FA-47642DD65BCC}
	EndGlobalSection
EndGlobal
